
Microsoft Visual Studio Solution File, Format Version 12.00
# Visual Studio 2013
VisualStudioVersion = 12.0.21005.1
MinimumVisualStudioVersion = 10.0.40219.1
Project("{8BC9CEB8-8B4A-11D0-8D11-00A0C91BC942}") = "Parameters", "Parameters\Parameters.vcxproj", "{CEE8211C-FFF0-4639-8374-2FDC10C62014}"
EndProject
Global
	GlobalSection(SolutionConfigurationPlatforms) = preSolution
		Debug|Win32 = Debug|Win32
		Release|Win32 = Release|Win32
	EndGlobalSection
	GlobalSection(ProjectConfigurationPlatforms) = postSolution
		{CEE8211C-FFF0-4639-8374-2FDC10C62014}.Debug|Win32.ActiveCfg = Debug|Win32
		{CEE8211C-FFF0-4639-8374-2FDC10C62014}.Debug|Win32.Build.0 = Debug|Win32
		{CEE8211C-FFF0-4639-8374-2FDC10C62014}.Release|Win32.ActiveCfg = Release|Win32
		{CEE8211C-FFF0-4639-8374-2FDC10C62014}.Release|Win32.Build.0 = Release|Win32
	EndGlobalSection
	GlobalSection(SolutionProperties) = preSolution
		HideSolutionNode = FALSE
	EndGlobalSection
EndGlobal
